
Microsoft Visual Studio Solution File, Format Version 12.00
# Visual Studio Version 17
VisualStudioVersion = 17.3.32929.385
MinimumVisualStudioVersion = 10.0.40219.1
Project("{FAE04EC0-301F-11D3-BF4B-00C04F79EFBC}") = "Sudoku", "Sudoku\Sudoku.csproj", "{31F6D03F-1645-4223-B89C-7B67C69A1444}"
EndProject
Global
	GlobalSection(SolutionConfigurationPlatforms) = preSolution
		Debug|Any CPU = Debug|Any CPU
		Release|Any CPU = Release|Any CPU
	EndGlobalSection
	GlobalSection(ProjectConfigurationPlatforms) = postSolution
		{31F6D03F-1645-4223-B89C-7B67C69A1444}.Debug|Any CPU.ActiveCfg = Debug|Any CPU
		{31F6D03F-1645-4223-B89C-7B67C69A1444}.Debug|Any CPU.Build.0 = Debug|Any CPU
		{31F6D03F-1645-4223-B89C-7B67C69A1444}.Release|Any CPU.ActiveCfg = Release|Any CPU
		{31F6D03F-1645-4223-B89C-7B67C69A1444}.Release|Any CPU.Build.0 = Release|Any CPU
	EndGlobalSection
	GlobalSection(SolutionProperties) = preSolution
		HideSolutionNode = FALSE
	EndGlobalSection
	GlobalSection(ExtensibilityGlobals) = postSolution
		SolutionGuid = {5EAAE4D7-762E-4F07-8E95-6D362E725545}
	EndGlobalSection
EndGlobal
